{
  "name": "loginhandler",
  "version": "2.0.0",
  "lockfileVersion": 3,
  "requires": true,
  "packages": {
    "": {
      "name": "loginhandler",
      "version": "2.0.0",
      "license": "Apache-2.0",
      "dependencies": {
        "bcryptjs": "^2.4.3"
      },
      "devDependencies": {
        "@types/aws-lambda": "^8.10.146"
      }
    },
    "node_modules/@types/aws-lambda": {
      "version": "8.10.146",
      "resolved": "https://registry.npmjs.org/@types/aws-lambda/-/aws-lambda-8.10.146.tgz",
      "integrity": "sha512-3BaDXYTh0e6UCJYL/jwV/3+GRslSc08toAiZSmleYtkAUyV5rtvdPYxrG/88uqvTuT6sb27WE9OS90ZNTIuQ0g==",
      "dev": true
    },
    "node_modules/bcryptjs": {
      "version": "2.4.3",
      "resolved": "https://registry.npmjs.org/bcryptjs/-/bcryptjs-2.4.3.tgz",
      "integrity": "sha512-V/Hy/X9Vt7f3BbPJEi8BdVFMByHi+jNXrYkW3huaybV/kQ0KJg0Y6PkEMbn+zeT+i+SiKZ/HMqJGIIt4LZDqNQ=="
    }
  }
}
